// !$*UTF8*$!
{
	archiveVersion = 1;
	classes = {
	};
	objectVersion = 46;
	objects = {

/* Begin PBXBuildFile section */
		4913A86519F59EB500B54F74 /* ProjectB.h in CopyFiles */ = {isa = PBXBuildFile; fileRef = 4913A86419F59EB500B54F74 /* ProjectB.h */; };
		4913A86719F59EB500B54F74 /* ProjectB.m in Sources */ = {isa = PBXBuildFile; fileRef = 4913A86619F59EB500B54F74 /* ProjectB.m */; };
		4913A86D19F59EB500B54F74 /* libProjectB.a in Frameworks */ = {isa = PBXBuildFile; fileRef = 4913A86119F59EB500B54F74 /* libProjectB.a */; };
/* End PBXBuildFile section */

/* Begin PBXContainerItemProxy section */
		4913A86E19F59EB500B54F74 /* PBXContainerItemProxy */ = {
			isa = PBXContainerItemProxy;
			containerPortal = 4913A85919F59EB500B54F74 /* Project object */;
			proxyType = 1;
			remoteGlobalIDString = 4913A86019F59EB500B54F74;
			remoteInfo = ProjectB;
		};
/* End PBXContainerItemProxy section */

/* Begin PBXCopyFilesBuildPhase section */
		4913A85F19F59EB500B54F74 /* CopyFiles */ = {
			isa = PBXCopyFilesBuildPhase;
			buildActionMask = 2147483647;
			dstPath = "include/$(PRODUCT_NAME)";
			dstSubfolderSpec = 16;
			files = (
				4913A86519F59EB500B54F74 /* ProjectB.h in CopyFiles */,
			);
			runOnlyForDeploymentPostprocessing = 0;
		};
/* End PBXCopyFilesBuildPhase section */

/* Begin PBXFileReference section */
		0A362837247B7ACE5DDB807B /* libPods.a */ = {isa = PBXFileReference; explicitFileType = archive.ar; includeInIndex = 0; path = libPods.a; sourceTree = BUILT_PRODUCTS_DIR; };
		4913A86119F59EB500B54F74 /* libProjectB.a */ = {isa = PBXFileReference; explicitFileType = archive.ar; includeInIndex = 0; path = libProjectB.a; sourceTree = BUILT_PRODUCTS_DIR; };
		4913A86419F59EB500B54F74 /* ProjectB.h */ = {isa = PBXFileReference; lastKnownFileType = sourcecode.c.h; path = ProjectB.h; sourceTree = "<group>"; };
		4913A86619F59EB500B54F74 /* ProjectB.m */ = {isa = PBXFileReference; lastKnownFileType = sourcecode.c.objc; path = ProjectB.m; sourceTree = "<group>"; };
		4913A86C19F59EB500B54F74 /* ProjectBTests.xctest */ = {isa = PBXFileReference; explicitFileType = wrapper.cfbundle; includeInIndex = 0; path = ProjectBTests.xctest; sourceTree = BUILT_PRODUCTS_DIR; };
		4913A87219F59EB500B54F74 /* Info.plist */ = {isa = PBXFileReference; lastKnownFileType = text.plist.xml; path = Info.plist; sourceTree = "<group>"; };
		87F7D521698570A1CFD1FB08 /* Pods.debug.xcconfig */ = {isa = PBXFileReference; includeInIndex = 1; lastKnownFileType = text.xcconfig; name = Pods.debug.xcconfig; path = "Pods/Target Support Files/Pods/Pods.debug.xcconfig"; sourceTree = "<group>"; };
		C01D5CC8DD3795F0300051B4 /* Pods.release.xcconfig */ = {isa = PBXFileReference; includeInIndex = 1; lastKnownFileType = text.xcconfig; name = Pods.release.xcconfig; path = "Pods/Target Support Files/Pods/Pods.release.xcconfig"; sourceTree = "<group>"; };
/* End PBXFileReference section */

/* Begin PBXFrameworksBuildPhase section */
		4913A85E19F59EB500B54F74 /* Frameworks */ = {
			isa = PBXFrameworksBuildPhase;
			buildActionMask = 2147483647;
			files = (
			);
			runOnlyForDeploymentPostprocessing = 0;
		};
		4913A86919F59EB500B54F74 /* Frameworks */ = {
			isa = PBXFrameworksBuildPhase;
			buildActionMask = 2147483647;
			files = (
				4913A86D19F59EB500B54F74 /* libProjectB.a in Frameworks */,
			);
			runOnlyForDeploymentPostprocessing = 0;
		};
/* End PBXFrameworksBuildPhase section */

/* Begin PBXGroup section */
		12288DF13C60220D0C963D2A /* Frameworks */ = {
			isa = PBXGroup;
			children = (
				0A362837247B7ACE5DDB807B /* libPods.a */,
			);
			name = Frameworks;
			sourceTree = "<group>";
		};
		4913A85819F59EB500B54F74 = {
			isa = PBXGroup;
			children = (
				4913A86319F59EB500B54F74 /* ProjectB */,
				4913A87019F59EB500B54F74 /* ProjectBTests */,
				4913A86219F59EB500B54F74 /* Products */,
				5C5AC7C7CA3638505D520832 /* Pods */,
				12288DF13C60220D0C963D2A /* Frameworks */,
			);
			sourceTree = "<group>";
		};
		4913A86219F59EB500B54F74 /* Products */ = {
			isa = PBXGroup;
			children = (
				4913A86119F59EB500B54F74 /* libProjectB.a */,
				4913A86C19F59EB500B54F74 /* ProjectBTests.xctest */,
			);
			name = Products;
			sourceTree = "<group>";
		};
		4913A86319F59EB500B54F74 /* ProjectB */ = {
			isa = PBXGroup;
			children = (
				4913A86419F59EB500B54F74 /* ProjectB.h */,
				4913A86619F59EB500B54F74 /* ProjectB.m */,
			);
			path = ProjectB;
			sourceTree = "<group>";
		};
		4913A87019F59EB500B54F74 /* ProjectBTests */ = {
			isa = PBXGroup;
			children = (
				4913A87119F59EB500B54F74 /* Supporting Files */,
			);
			path = ProjectBTests;
			sourceTree = "<group>";
		};
		4913A87119F59EB500B54F74 /* Supporting Files */ = {
			isa = PBXGroup;
			children = (
				4913A87219F59EB500B54F74 /* Info.plist */,
			);
			name = "Supporting Files";
			sourceTree = "<group>";
		};
		5C5AC7C7CA3638505D520832 /* Pods */ = {
			isa = PBXGroup;
			children = (
				87F7D521698570A1CFD1FB08 /* Pods.debug.xcconfig */,
				C01D5CC8DD3795F0300051B4 /* Pods.release.xcconfig */,
			);
			name = Pods;
			sourceTree = "<group>";
		};
/* End PBXGroup section */

/* Begin PBXNativeTarget section */
		4913A86019F59EB500B54F74 /* ProjectB */ = {
			isa = PBXNativeTarget;
			buildConfigurationList = 4913A87519F59EB500B54F74 /* Build configuration list for PBXNativeTarget "ProjectB" */;
			buildPhases = (
				3D98DD968286E7147A4DA8DC /* Check Pods Manifest.lock */,
				4913A85D19F59EB500B54F74 /* Sources */,
				4913A85E19F59EB500B54F74 /* Frameworks */,
				4913A85F19F59EB500B54F74 /* CopyFiles */,
				6263A9A3B48ECA74AE40E57A /* Copy Pods Resources */,
			);
			buildRules = (
			);
			dependencies = (
			);
			name = ProjectB;
			productName = ProjectB;
			productReference = 4913A86119F59EB500B54F74 /* libProjectB.a */;
			productType = "com.apple.product-type.library.static";
		};
		4913A86B19F59EB500B54F74 /* ProjectBTests */ = {
			isa = PBXNativeTarget;
			buildConfigurationList = 4913A87819F59EB500B54F74 /* Build configuration list for PBXNativeTarget "ProjectBTests" */;
			buildPhases = (
				4913A86819F59EB500B54F74 /* Sources */,
				4913A86919F59EB500B54F74 /* Frameworks */,
				4913A86A19F59EB500B54F74 /* Resources */,
			);
			buildRules = (
			);
			dependencies = (
				4913A86F19F59EB500B54F74 /* PBXTargetDependency */,
			);
			name = ProjectBTests;
			productName = ProjectBTests;
			productReference = 4913A86C19F59EB500B54F74 /* ProjectBTests.xctest */;
			productType = "com.apple.product-type.bundle.unit-test";
		};
/* End PBXNativeTarget section */

/* Begin PBXProject section */
		4913A85919F59EB500B54F74 /* Project object */ = {
			isa = PBXProject;
			attributes = {
				LastUpgradeCheck = 0610;
				ORGANIZATIONNAME = "Pod Test";
				TargetAttributes = {
					4913A86019F59EB500B54F74 = {
						CreatedOnToolsVersion = 6.1;
					};
					4913A86B19F59EB500B54F74 = {
						CreatedOnToolsVersion = 6.1;
					};
				};
			};
			buildConfigurationList = 4913A85C19F59EB500B54F74 /* Build configuration list for PBXProject "ProjectB" */;
			compatibilityVersion = "Xcode 3.2";
			developmentRegion = English;
			hasScannedForEncodings = 0;
			knownRegions = (
				en,
			);
			mainGroup = 4913A85819F59EB500B54F74;
			productRefGroup = 4913A86219F59EB500B54F74 /* Products */;
			projectDirPath = "";
			projectRoot = "";
			targets = (
				4913A86019F59EB500B54F74 /* ProjectB */,
				4913A86B19F59EB500B54F74 /* ProjectBTests */,
			);
		};
/* End PBXProject section */

/* Begin PBXResourcesBuildPhase section */
		4913A86A19F59EB500B54F74 /* Resources */ = {
			isa = PBXResourcesBuildPhase;
			buildActionMask = 2147483647;
			files = (
			);
			runOnlyForDeploymentPostprocessing = 0;
		};
/* End PBXResourcesBuildPhase section */

/* Begin PBXShellScriptBuildPhase section */
		3D98DD968286E7147A4DA8DC /* Check Pods Manifest.lock */ = {
			isa = PBXShellScriptBuildPhase;
			buildActionMask = 2147483647;
			files = (
			);
			inputPaths = (
			);
			name = "Check Pods Manifest.lock";
			outputPaths = (
			);
			runOnlyForDeploymentPostprocessing = 0;
			shellPath = /bin/sh;
			shellScript = "diff \"${PODS_ROOT}/../Podfile.lock\" \"${PODS_ROOT}/Manifest.lock\" > /dev/null\nif [[ $? != 0 ]] ; then\n    cat << EOM\nerror: The sandbox is not in sync with the Podfile.lock. Run 'pod install' or update your CocoaPods installation.\nEOM\n    exit 1\nfi\n";
			showEnvVarsInLog = 0;
		};
		6263A9A3B48ECA74AE40E57A /* Copy Pods Resources */ = {
			isa = PBXShellScriptBuildPhase;
			buildActionMask = 2147483647;
			files = (
			);
			inputPaths = (
			);
			name = "Copy Pods Resources";
			outputPaths = (
			);
			runOnlyForDeploymentPostprocessing = 0;
			shellPath = /bin/sh;
			shellScript = "\"${SRCROOT}/Pods/Target Support Files/Pods/Pods-resources.sh\"\n";
			showEnvVarsInLog = 0;
		};
/* End PBXShellScriptBuildPhase section */

/* Begin PBXSourcesBuildPhase section */
		4913A85D19F59EB500B54F74 /* Sources */ = {
			isa = PBXSourcesBuildPhase;
			buildActionMask = 2147483647;
			files = (
				4913A86719F59EB500B54F74 /* ProjectB.m in Sources */,
			);
			runOnlyForDeploymentPostprocessing = 0;
		};
		4913A86819F59EB500B54F74 /* Sources */ = {
			isa = PBXSourcesBuildPhase;
			buildActionMask = 2147483647;
			files = (
			);
			runOnlyForDeploymentPostprocessing = 0;
		};
/* End PBXSourcesBuildPhase section */

/* Begin PBXTargetDependency section */
		4913A86F19F59EB500B54F74 /* PBXTargetDependency */ = {
			isa = PBXTargetDependency;
			target = 4913A86019F59EB500B54F74 /* ProjectB */;
			targetProxy = 4913A86E19F59EB500B54F74 /* PBXContainerItemProxy */;
		};
/* End PBXTargetDependency section */

/* Begin XCBuildConfiguration section */
		4913A87319F59EB500B54F74 /* Debug */ = {
			isa = XCBuildConfiguration;
			buildSettings = {
				ALWAYS_SEARCH_USER_PATHS = NO;
				CLANG_CXX_LANGUAGE_STANDARD = "gnu++0x";
				CLANG_CXX_LIBRARY = "libc++";
				CLANG_ENABLE_MODULES = YES;
				CLANG_ENABLE_OBJC_ARC = YES;
				CLANG_WARN_BOOL_CONVERSION = YES;
				CLANG_WARN_CONSTANT_CONVERSION = YES;
				CLANG_WARN_DIRECT_OBJC_ISA_USAGE = YES_ERROR;
				CLANG_WARN_EMPTY_BODY = YES;
				CLANG_WARN_ENUM_CONVERSION = YES;
				CLANG_WARN_INT_CONVERSION = YES;
				CLANG_WARN_OBJC_ROOT_CLASS = YES_ERROR;
				CLANG_WARN_UNREACHABLE_CODE = YES;
				CLANG_WARN__DUPLICATE_METHOD_MATCH = YES;
				COPY_PHASE_STRIP = NO;
				ENABLE_STRICT_OBJC_MSGSEND = YES;
				GCC_C_LANGUAGE_STANDARD = gnu99;
				GCC_DYNAMIC_NO_PIC = NO;
				GCC_OPTIMIZATION_LEVEL = 0;
				GCC_PREPROCESSOR_DEFINITIONS = (
					"DEBUG=1",
					"$(inherited)",
				);
				GCC_SYMBOLS_PRIVATE_EXTERN = NO;
				GCC_WARN_64_TO_32_BIT_CONVERSION = YES;
				GCC_WARN_ABOUT_RETURN_TYPE = YES_ERROR;
				GCC_WARN_UNDECLARED_SELECTOR = YES;
				GCC_WARN_UNINITIALIZED_AUTOS = YES_AGGRESSIVE;
				GCC_WARN_UNUSED_FUNCTION = YES;
				GCC_WARN_UNUSED_VARIABLE = YES;
				IPHONEOS_DEPLOYMENT_TARGET = 8.1;
				MTL_ENABLE_DEBUG_INFO = YES;
				ONLY_ACTIVE_ARCH = YES;
				SDKROOT = iphoneos;
			};
			name = Debug;
		};
		4913A87419F59EB500B54F74 /* Release */ = {
			isa = XCBuildConfiguration;
			buildSettings = {
				ALWAYS_SEARCH_USER_PATHS = NO;
				CLANG_CXX_LANGUAGE_STANDARD = "gnu++0x";
				CLANG_CXX_LIBRARY = "libc++";
				CLANG_ENABLE_MODULES = YES;
				CLANG_ENABLE_OBJC_ARC = YES;
				CLANG_WARN_BOOL_CONVERSION = YES;
				CLANG_WARN_CONSTANT_CONVERSION = YES;
				CLANG_WARN_DIRECT_OBJC_ISA_USAGE = YES_ERROR;
				CLANG_WARN_EMPTY_BODY = YES;
				CLANG_WARN_ENUM_CONVERSION = YES;
				CLANG_WARN_INT_CONVERSION = YES;
				CLANG_WARN_OBJC_ROOT_CLASS = YES_ERROR;
				CLANG_WARN_UNREACHABLE_CODE = YES;
				CLANG_WARN__DUPLICATE_METHOD_MATCH = YES;
				COPY_PHASE_STRIP = YES;
				ENABLE_NS_ASSERTIONS = NO;
				ENABLE_STRICT_OBJC_MSGSEND = YES;
				GCC_C_LANGUAGE_STANDARD = gnu99;
				GCC_WARN_64_TO_32_BIT_CONVERSION = YES;
				GCC_WARN_ABOUT_RETURN_TYPE = YES_ERROR;
				GCC_WARN_UNDECLARED_SELECTOR = YES;
				GCC_WARN_UNINITIALIZED_AUTOS = YES_AGGRESSIVE;
				GCC_WARN_UNUSED_FUNCTION = YES;
				GCC_WARN_UNUSED_VARIABLE = YES;
				IPHONEOS_DEPLOYMENT_TARGET = 8.1;
				MTL_ENABLE_DEBUG_INFO = NO;
				SDKROOT = iphoneos;
				VALIDATE_PRODUCT = YES;
			};
			name = Release;
		};
		4913A87619F59EB500B54F74 /* Debug */ = {
			isa = XCBuildConfiguration;
			baseConfigurationReference = 87F7D521698570A1CFD1FB08 /* Pods.debug.xcconfig */;
			buildSettings = {
				OTHER_LDFLAGS = (
					"$(inherited)",
					"-ObjC",
				);
				PRODUCT_NAME = "$(TARGET_NAME)";
				SKIP_INSTALL = YES;
			};
			name = Debug;
		};
		4913A87719F59EB500B54F74 /* Release */ = {
			isa = XCBuildConfiguration;
			baseConfigurationReference = C01D5CC8DD3795F0300051B4 /* Pods.release.xcconfig */;
			buildSettings = {
				OTHER_LDFLAGS = (
					"$(inherited)",
					"-ObjC",
				);
				PRODUCT_NAME = "$(TARGET_NAME)";
				SKIP_INSTALL = YES;
			};
			name = Release;
		};
		4913A87919F59EB500B54F74 /* Debug */ = {
			isa = XCBuildConfiguration;
			buildSettings = {
				FRAMEWORK_SEARCH_PATHS = (
					"$(SDKROOT)/Developer/Library/Frameworks",
					"$(inherited)",
				);
				GCC_PREPROCESSOR_DEFINITIONS = (
					"DEBUG=1",
					"$(inherited)",
				);
				INFOPLIST_FILE = ProjectBTests/Info.plist;
				LD_RUNPATH_SEARCH_PATHS = "$(inherited) @executable_path/Frameworks @loader_path/Frameworks";
				PRODUCT_NAME = "$(TARGET_NAME)";
			};
			name = Debug;
		};
		4913A87A19F59EB500B54F74 /* Release */ = {
			isa = XCBuildConfiguration;
			buildSettings = {
				FRAMEWORK_SEARCH_PATHS = (
					"$(SDKROOT)/Developer/Library/Frameworks",
					"$(inherited)",
				);
				INFOPLIST_FILE = ProjectBTests/Info.plist;
				LD_RUNPATH_SEARCH_PATHS = "$(inherited) @executable_path/Frameworks @loader_path/Frameworks";
				PRODUCT_NAME = "$(TARGET_NAME)";
			};
			name = Release;
		};
/* End XCBuildConfiguration section */

/* Begin XCConfigurationList section */
		4913A85C19F59EB500B54F74 /* Build configuration list for PBXProject "ProjectB" */ = {
			isa = XCConfigurationList;
			buildConfigurations = (
				4913A87319F59EB500B54F74 /* Debug */,
				4913A87419F59EB500B54F74 /* Release */,
			);
			defaultConfigurationIsVisible = 0;
			defaultConfigurationName = Release;
		};
		4913A87519F59EB500B54F74 /* Build configuration list for PBXNativeTarget "ProjectB" */ = {
			isa = XCConfigurationList;
			buildConfigurations = (
				4913A87619F59EB500B54F74 /* Debug */,
				4913A87719F59EB500B54F74 /* Release */,
			);
			defaultConfigurationIsVisible = 0;
			defaultConfigurationName = Release;
		};
		4913A87819F59EB500B54F74 /* Build configuration list for PBXNativeTarget "ProjectBTests" */ = {
			isa = XCConfigurationList;
			buildConfigurations = (
				4913A87919F59EB500B54F74 /* Debug */,
				4913A87A19F59EB500B54F74 /* Release */,
			);
			defaultConfigurationIsVisible = 0;
			defaultConfigurationName = Release;
		};
/* End XCConfigurationList section */
	};
	rootObject = 4913A85919F59EB500B54F74 /* Project object */;
}
